
Microsoft Visual Studio Solution File, Format Version 12.00
# Visual Studio Version 17
VisualStudioVersion = 17.0.31903.59
MinimumVisualStudioVersion = 10.0.40219.1
Project("{2150E333-8FDC-42A3-9474-1A3956D46DE8}") = "src", "src", "{4878D98D-4270-4EFA-B694-C0F7B3822B7B}"
EndProject
Project("{FAE04EC0-301F-11D3-BF4B-00C04F79EFBC}") = "FinancialManager.Domain", "src\FinancialManager.Domain\FinancialManager.Domain.csproj", "{F4A92EAC-E11A-4DA5-86FB-B5F7CB77AE23}"
EndProject
Project("{FAE04EC0-301F-11D3-BF4B-00C04F79EFBC}") = "FinancialManager.Application", "src\FinancialManager.Application\FinancialManager.Application.csproj", "{64F06479-E39C-4902-AB9F-142B610FB49F}"
EndProject
Project("{FAE04EC0-301F-11D3-BF4B-00C04F79EFBC}") = "FinancialManager.Infrastructure", "src\FinancialManager.Infrastructure\FinancialManager.Infrastructure.csproj", "{45B548E0-3F11-4A63-BE76-1657A1C869D4}"
EndProject
Project("{FAE04EC0-301F-11D3-BF4B-00C04F79EFBC}") = "FinancialManager.Api", "src\FinancialManager.Api\FinancialManager.Api.csproj", "{3FC2145B-2028-49DA-98AE-C8F56AE4C042}"
EndProject
Global
	GlobalSection(SolutionConfigurationPlatforms) = preSolution
		Debug|Any CPU = Debug|Any CPU
		Release|Any CPU = Release|Any CPU
	EndGlobalSection
	GlobalSection(SolutionProperties) = preSolution
		HideSolutionNode = FALSE
	EndGlobalSection
	GlobalSection(ProjectConfigurationPlatforms) = postSolution
		{F4A92EAC-E11A-4DA5-86FB-B5F7CB77AE23}.Debug|Any CPU.ActiveCfg = Debug|Any CPU
		{F4A92EAC-E11A-4DA5-86FB-B5F7CB77AE23}.Debug|Any CPU.Build.0 = Debug|Any CPU
		{F4A92EAC-E11A-4DA5-86FB-B5F7CB77AE23}.Release|Any CPU.ActiveCfg = Release|Any CPU
		{F4A92EAC-E11A-4DA5-86FB-B5F7CB77AE23}.Release|Any CPU.Build.0 = Release|Any CPU
		{64F06479-E39C-4902-AB9F-142B610FB49F}.Debug|Any CPU.ActiveCfg = Debug|Any CPU
		{64F06479-E39C-4902-AB9F-142B610FB49F}.Debug|Any CPU.Build.0 = Debug|Any CPU
		{64F06479-E39C-4902-AB9F-142B610FB49F}.Release|Any CPU.ActiveCfg = Release|Any CPU
		{64F06479-E39C-4902-AB9F-142B610FB49F}.Release|Any CPU.Build.0 = Release|Any CPU
		{45B548E0-3F11-4A63-BE76-1657A1C869D4}.Debug|Any CPU.ActiveCfg = Debug|Any CPU
		{45B548E0-3F11-4A63-BE76-1657A1C869D4}.Debug|Any CPU.Build.0 = Debug|Any CPU
		{45B548E0-3F11-4A63-BE76-1657A1C869D4}.Release|Any CPU.ActiveCfg = Release|Any CPU
		{45B548E0-3F11-4A63-BE76-1657A1C869D4}.Release|Any CPU.Build.0 = Release|Any CPU
		{3FC2145B-2028-49DA-98AE-C8F56AE4C042}.Debug|Any CPU.ActiveCfg = Debug|Any CPU
		{3FC2145B-2028-49DA-98AE-C8F56AE4C042}.Debug|Any CPU.Build.0 = Debug|Any CPU
		{3FC2145B-2028-49DA-98AE-C8F56AE4C042}.Release|Any CPU.ActiveCfg = Release|Any CPU
		{3FC2145B-2028-49DA-98AE-C8F56AE4C042}.Release|Any CPU.Build.0 = Release|Any CPU
	EndGlobalSection
	GlobalSection(NestedProjects) = preSolution
		{F4A92EAC-E11A-4DA5-86FB-B5F7CB77AE23} = {4878D98D-4270-4EFA-B694-C0F7B3822B7B}
		{64F06479-E39C-4902-AB9F-142B610FB49F} = {4878D98D-4270-4EFA-B694-C0F7B3822B7B}
		{45B548E0-3F11-4A63-BE76-1657A1C869D4} = {4878D98D-4270-4EFA-B694-C0F7B3822B7B}
		{3FC2145B-2028-49DA-98AE-C8F56AE4C042} = {4878D98D-4270-4EFA-B694-C0F7B3822B7B}
	EndGlobalSection
EndGlobal
